
Microsoft Visual Studio Solution File, Format Version 12.00
# Visual Studio 15
VisualStudioVersion = 15.0.27130.2010
MinimumVisualStudioVersion = 10.0.40219.1
Project("{FAE04EC0-301F-11D3-BF4B-00C04F79EFBC}") = "TestwebAPI", "TestwebAPI\TestwebAPI.csproj", "{A3D9ED0A-2F07-4F6E-AF38-95BA3F7F85EF}"
EndProject
Global
	GlobalSection(SolutionConfigurationPlatforms) = preSolution
		Debug|Any CPU = Debug|Any CPU
		Release|Any CPU = Release|Any CPU
	EndGlobalSection
	GlobalSection(ProjectConfigurationPlatforms) = postSolution
		{A3D9ED0A-2F07-4F6E-AF38-95BA3F7F85EF}.Debug|Any CPU.ActiveCfg = Debug|Any CPU
		{A3D9ED0A-2F07-4F6E-AF38-95BA3F7F85EF}.Debug|Any CPU.Build.0 = Debug|Any CPU
		{A3D9ED0A-2F07-4F6E-AF38-95BA3F7F85EF}.Release|Any CPU.ActiveCfg = Release|Any CPU
		{A3D9ED0A-2F07-4F6E-AF38-95BA3F7F85EF}.Release|Any CPU.Build.0 = Release|Any CPU
	EndGlobalSection
	GlobalSection(SolutionProperties) = preSolution
		HideSolutionNode = FALSE
	EndGlobalSection
	GlobalSection(ExtensibilityGlobals) = postSolution
		SolutionGuid = {DA8BEC18-2F85-417E-8081-504762E13394}
	EndGlobalSection
EndGlobal
